
Microsoft Visual Studio Solution File, Format Version 12.00
# Visual Studio Version 16
VisualStudioVersion = 16.0.30907.101
MinimumVisualStudioVersion = 10.0.40219.1
Project("{FAE04EC0-301F-11D3-BF4B-00C04F79EFBC}") = "DZ_2.4", "DZ_2.4.csproj", "{1D6194BD-B6E7-4330-97FE-E5F1F0476287}"
EndProject
Global
	GlobalSection(SolutionConfigurationPlatforms) = preSolution
		Debug|Any CPU = Debug|Any CPU
		Release|Any CPU = Release|Any CPU
	EndGlobalSection
	GlobalSection(ProjectConfigurationPlatforms) = postSolution
		{1D6194BD-B6E7-4330-97FE-E5F1F0476287}.Debug|Any CPU.ActiveCfg = Debug|Any CPU
		{1D6194BD-B6E7-4330-97FE-E5F1F0476287}.Debug|Any CPU.Build.0 = Debug|Any CPU
		{1D6194BD-B6E7-4330-97FE-E5F1F0476287}.Release|Any CPU.ActiveCfg = Release|Any CPU
		{1D6194BD-B6E7-4330-97FE-E5F1F0476287}.Release|Any CPU.Build.0 = Release|Any CPU
	EndGlobalSection
	GlobalSection(SolutionProperties) = preSolution
		HideSolutionNode = FALSE
	EndGlobalSection
	GlobalSection(ExtensibilityGlobals) = postSolution
		SolutionGuid = {173570A6-1FFF-4973-B1CF-68BBC63E0946}
	EndGlobalSection
EndGlobal
